
Microsoft Visual Studio Solution File, Format Version 12.00
# Visual Studio Version 17
VisualStudioVersion = 17.0.31903.59
MinimumVisualStudioVersion = 10.0.40219.1
Project("{2150E333-8FDC-42A3-9474-1A3956D46DE8}") = "07.Site", "07.Site", "{9C65410F-AADE-DAA9-D05C-25C36AB3DE47}"
EndProject
Project("{FAE04EC0-301F-11D3-BF4B-00C04F79EFBC}") = "sgcSiteWeb", "07.Site\sgcSiteWeb.csproj", "{D0931634-A1D9-4826-8B8A-49CA54B2FD02}"
EndProject
Project("{2150E333-8FDC-42A3-9474-1A3956D46DE8}") = "06.Grid", "06.Grid", "{1DD8697F-C9C8-62EA-0DDD-460EC2258BB9}"
EndProject
Project("{FAE04EC0-301F-11D3-BF4B-00C04F79EFBC}") = "sgcGridWeb", "06.Grid\sgcGridWeb.csproj", "{01BB7B65-AE34-4D7C-84B7-BAB391DA9391}"
EndProject
Project("{2150E333-8FDC-42A3-9474-1A3956D46DE8}") = "05.HTMX", "05.HTMX", "{3CB527D0-C353-22A2-57F4-DA438EFE62B1}"
EndProject
Project("{FAE04EC0-301F-11D3-BF4B-00C04F79EFBC}") = "sgcHTMXWeb", "05.HTMX\sgcHTMXWeb.csproj", "{10968F0D-587A-4A92-8D5D-535F4BEB710D}"
EndProject
Project("{2150E333-8FDC-42A3-9474-1A3956D46DE8}") = "08.Components", "08.Components", "{877F656A-7D51-DFEC-861B-D6D3964A0A9A}"
EndProject
Project("{FAE04EC0-301F-11D3-BF4B-00C04F79EFBC}") = "sgcComponentsWeb", "08.Components\sgcComponentsWeb.csproj", "{E0CA75E0-8BE0-4E9C-9B85-92B7979E82BC}"
EndProject
Project("{2150E333-8FDC-42A3-9474-1A3956D46DE8}") = "10.ShopAssistant", "10.ShopAssistant", "{C00BC19B-2202-4EC0-B6E5-46B1139BC535}"
EndProject
Project("{FAE04EC0-301F-11D3-BF4B-00C04F79EFBC}") = "sgcShopWeb", "10.ShopAssistant\sgcShopWeb.csproj", "{F750D6B9-C218-4EB0-A3EB-94DA3BB19E5F}"
EndProject
Project("{2150E333-8FDC-42A3-9474-1A3956D46DE8}") = "02.AdminCRUD", "02.AdminCRUD", "{781B013F-8680-418D-AFD6-1B982319621C}"
EndProject
Project("{FAE04EC0-301F-11D3-BF4B-00C04F79EFBC}") = "sgcAdminWeb", "02.AdminCRUD\sgcAdminWeb.csproj", "{4BB4E6D1-CBEE-4E1F-9C50-AFA17A016DDB}"
EndProject
Project("{2150E333-8FDC-42A3-9474-1A3956D46DE8}") = "01.ERP", "01.ERP", "{A19B6A07-B0AD-43FE-9C52-79BE27B853AC}"
EndProject
Project("{FAE04EC0-301F-11D3-BF4B-00C04F79EFBC}") = "sgcERPWeb", "01.ERP\sgcERPWeb.csproj", "{F8E785CD-EBFF-4D1A-BA7D-0965AF6497F8}"
EndProject
Project("{2150E333-8FDC-42A3-9474-1A3956D46DE8}") = "04.Portal", "04.Portal", "{A71FCEAF-3CAD-4674-A43E-D3B176D2100E}"
EndProject
Project("{FAE04EC0-301F-11D3-BF4B-00C04F79EFBC}") = "sgcPortalWeb", "04.Portal\sgcPortalWeb.csproj", "{02F1D19A-3666-49B5-AE96-074088B85556}"
EndProject
Project("{2150E333-8FDC-42A3-9474-1A3956D46DE8}") = "09.Helpdesk", "09.Helpdesk", "{8ED09AD7-8BDC-4EED-90DA-D4CCC8D79E98}"
EndProject
Project("{FAE04EC0-301F-11D3-BF4B-00C04F79EFBC}") = "sgcHelpdeskWeb", "09.Helpdesk\sgcHelpdeskWeb.csproj", "{B9AB5F0B-730F-429D-B706-CF41A7F35125}"
EndProject
Project("{2150E333-8FDC-42A3-9474-1A3956D46DE8}") = "03.LiveMonitor", "03.LiveMonitor", "{DE5FD886-B44C-4E9B-AD79-A0E7C0F7DBB8}"
EndProject
Project("{FAE04EC0-301F-11D3-BF4B-00C04F79EFBC}") = "sgcLiveMonitorWeb", "03.LiveMonitor\sgcLiveMonitorWeb.csproj", "{93F0948C-4EC1-4804-B381-14EE05B74CC8}"
EndProject
Project("{2150E333-8FDC-42A3-9474-1A3956D46DE8}") = "13.Warehouse", "13.Warehouse", "{F075BEC1-33EA-41B5-B7E8-C780BD37308A}"
EndProject
Project("{FAE04EC0-301F-11D3-BF4B-00C04F79EFBC}") = "sgcWMSWeb", "13.Warehouse\sgcWMSWeb.csproj", "{4D9D59CC-1F72-4A4B-981A-445AD1FA3E12}"
EndProject
Project("{2150E333-8FDC-42A3-9474-1A3956D46DE8}") = "14.POS", "14.POS", "{E8A7C460-29DB-45C4-B5C8-0877B59D7AC3}"
EndProject
Project("{FAE04EC0-301F-11D3-BF4B-00C04F79EFBC}") = "sgcPOSWeb", "14.POS\sgcPOSWeb.csproj", "{AE546C4B-82FB-4108-9E4F-C32E5FC657DF}"
EndProject
Project("{2150E333-8FDC-42A3-9474-1A3956D46DE8}") = "15.Reports", "15.Reports", "{9F476525-A47F-494B-AEDC-AA3F6B689FFB}"
EndProject
Project("{FAE04EC0-301F-11D3-BF4B-00C04F79EFBC}") = "sgcReportsWeb", "15.Reports\sgcReportsWeb.csproj", "{104070A3-74A1-4DCF-94C6-B64F2F6B2FF7}"
EndProject
Project("{2150E333-8FDC-42A3-9474-1A3956D46DE8}") = "16.SaaS", "16.SaaS", "{03F9B464-8CD9-4F21-98BF-1ED676D5B189}"
EndProject
Project("{FAE04EC0-301F-11D3-BF4B-00C04F79EFBC}") = "sgcSaaSWeb", "16.SaaS\sgcSaaSWeb.csproj", "{83ADB2E0-B4CB-4002-A28B-2DE52EF6B938}"
EndProject
Project("{2150E333-8FDC-42A3-9474-1A3956D46DE8}") = "17.FieldService", "17.FieldService", "{C7D0B073-F0A8-480C-A582-1C2B714287DE}"
EndProject
Project("{FAE04EC0-301F-11D3-BF4B-00C04F79EFBC}") = "sgcFieldWeb", "17.FieldService\sgcFieldWeb.csproj", "{A3B6B842-7412-47DB-8848-D6505C96C781}"
EndProject
Global
	GlobalSection(SolutionConfigurationPlatforms) = preSolution
		Debug|Any CPU = Debug|Any CPU
		Debug|x64 = Debug|x64
		Debug|x86 = Debug|x86
		Release|Any CPU = Release|Any CPU
		Release|x64 = Release|x64
		Release|x86 = Release|x86
	EndGlobalSection
	GlobalSection(ProjectConfigurationPlatforms) = postSolution
		{D0931634-A1D9-4826-8B8A-49CA54B2FD02}.Debug|Any CPU.ActiveCfg = Debug|Any CPU
		{D0931634-A1D9-4826-8B8A-49CA54B2FD02}.Debug|Any CPU.Build.0 = Debug|Any CPU
		{D0931634-A1D9-4826-8B8A-49CA54B2FD02}.Debug|x64.ActiveCfg = Debug|Any CPU
		{D0931634-A1D9-4826-8B8A-49CA54B2FD02}.Debug|x64.Build.0 = Debug|Any CPU
		{D0931634-A1D9-4826-8B8A-49CA54B2FD02}.Debug|x86.ActiveCfg = Debug|Any CPU
		{D0931634-A1D9-4826-8B8A-49CA54B2FD02}.Debug|x86.Build.0 = Debug|Any CPU
		{D0931634-A1D9-4826-8B8A-49CA54B2FD02}.Release|Any CPU.ActiveCfg = Release|Any CPU
		{D0931634-A1D9-4826-8B8A-49CA54B2FD02}.Release|Any CPU.Build.0 = Release|Any CPU
		{D0931634-A1D9-4826-8B8A-49CA54B2FD02}.Release|x64.ActiveCfg = Release|Any CPU
		{D0931634-A1D9-4826-8B8A-49CA54B2FD02}.Release|x64.Build.0 = Release|Any CPU
		{D0931634-A1D9-4826-8B8A-49CA54B2FD02}.Release|x86.ActiveCfg = Release|Any CPU
		{D0931634-A1D9-4826-8B8A-49CA54B2FD02}.Release|x86.Build.0 = Release|Any CPU
		{01BB7B65-AE34-4D7C-84B7-BAB391DA9391}.Debug|Any CPU.ActiveCfg = Debug|Any CPU
		{01BB7B65-AE34-4D7C-84B7-BAB391DA9391}.Debug|Any CPU.Build.0 = Debug|Any CPU
		{01BB7B65-AE34-4D7C-84B7-BAB391DA9391}.Debug|x64.ActiveCfg = Debug|Any CPU
		{01BB7B65-AE34-4D7C-84B7-BAB391DA9391}.Debug|x64.Build.0 = Debug|Any CPU
		{01BB7B65-AE34-4D7C-84B7-BAB391DA9391}.Debug|x86.ActiveCfg = Debug|Any CPU
		{01BB7B65-AE34-4D7C-84B7-BAB391DA9391}.Debug|x86.Build.0 = Debug|Any CPU
		{01BB7B65-AE34-4D7C-84B7-BAB391DA9391}.Release|Any CPU.ActiveCfg = Release|Any CPU
		{01BB7B65-AE34-4D7C-84B7-BAB391DA9391}.Release|Any CPU.Build.0 = Release|Any CPU
		{01BB7B65-AE34-4D7C-84B7-BAB391DA9391}.Release|x64.ActiveCfg = Release|Any CPU
		{01BB7B65-AE34-4D7C-84B7-BAB391DA9391}.Release|x64.Build.0 = Release|Any CPU
		{01BB7B65-AE34-4D7C-84B7-BAB391DA9391}.Release|x86.ActiveCfg = Release|Any CPU
		{01BB7B65-AE34-4D7C-84B7-BAB391DA9391}.Release|x86.Build.0 = Release|Any CPU
		{10968F0D-587A-4A92-8D5D-535F4BEB710D}.Debug|Any CPU.ActiveCfg = Debug|Any CPU
		{10968F0D-587A-4A92-8D5D-535F4BEB710D}.Debug|Any CPU.Build.0 = Debug|Any CPU
		{10968F0D-587A-4A92-8D5D-535F4BEB710D}.Debug|x64.ActiveCfg = Debug|Any CPU
		{10968F0D-587A-4A92-8D5D-535F4BEB710D}.Debug|x64.Build.0 = Debug|Any CPU
		{10968F0D-587A-4A92-8D5D-535F4BEB710D}.Debug|x86.ActiveCfg = Debug|Any CPU
		{10968F0D-587A-4A92-8D5D-535F4BEB710D}.Debug|x86.Build.0 = Debug|Any CPU
		{10968F0D-587A-4A92-8D5D-535F4BEB710D}.Release|Any CPU.ActiveCfg = Release|Any CPU
		{10968F0D-587A-4A92-8D5D-535F4BEB710D}.Release|Any CPU.Build.0 = Release|Any CPU
		{10968F0D-587A-4A92-8D5D-535F4BEB710D}.Release|x64.ActiveCfg = Release|Any CPU
		{10968F0D-587A-4A92-8D5D-535F4BEB710D}.Release|x64.Build.0 = Release|Any CPU
		{10968F0D-587A-4A92-8D5D-535F4BEB710D}.Release|x86.ActiveCfg = Release|Any CPU
		{10968F0D-587A-4A92-8D5D-535F4BEB710D}.Release|x86.Build.0 = Release|Any CPU
		{E0CA75E0-8BE0-4E9C-9B85-92B7979E82BC}.Debug|Any CPU.ActiveCfg = Debug|Any CPU
		{E0CA75E0-8BE0-4E9C-9B85-92B7979E82BC}.Debug|Any CPU.Build.0 = Debug|Any CPU
		{E0CA75E0-8BE0-4E9C-9B85-92B7979E82BC}.Debug|x64.ActiveCfg = Debug|Any CPU
		{E0CA75E0-8BE0-4E9C-9B85-92B7979E82BC}.Debug|x64.Build.0 = Debug|Any CPU
		{E0CA75E0-8BE0-4E9C-9B85-92B7979E82BC}.Debug|x86.ActiveCfg = Debug|Any CPU
		{E0CA75E0-8BE0-4E9C-9B85-92B7979E82BC}.Debug|x86.Build.0 = Debug|Any CPU
		{E0CA75E0-8BE0-4E9C-9B85-92B7979E82BC}.Release|Any CPU.ActiveCfg = Release|Any CPU
		{E0CA75E0-8BE0-4E9C-9B85-92B7979E82BC}.Release|Any CPU.Build.0 = Release|Any CPU
		{E0CA75E0-8BE0-4E9C-9B85-92B7979E82BC}.Release|x64.ActiveCfg = Release|Any CPU
		{E0CA75E0-8BE0-4E9C-9B85-92B7979E82BC}.Release|x64.Build.0 = Release|Any CPU
		{E0CA75E0-8BE0-4E9C-9B85-92B7979E82BC}.Release|x86.ActiveCfg = Release|Any CPU
		{E0CA75E0-8BE0-4E9C-9B85-92B7979E82BC}.Release|x86.Build.0 = Release|Any CPU
		{F750D6B9-C218-4EB0-A3EB-94DA3BB19E5F}.Debug|Any CPU.ActiveCfg = Debug|Any CPU
		{F750D6B9-C218-4EB0-A3EB-94DA3BB19E5F}.Debug|Any CPU.Build.0 = Debug|Any CPU
		{F750D6B9-C218-4EB0-A3EB-94DA3BB19E5F}.Debug|x64.ActiveCfg = Debug|Any CPU
		{F750D6B9-C218-4EB0-A3EB-94DA3BB19E5F}.Debug|x64.Build.0 = Debug|Any CPU
		{F750D6B9-C218-4EB0-A3EB-94DA3BB19E5F}.Debug|x86.ActiveCfg = Debug|Any CPU
		{F750D6B9-C218-4EB0-A3EB-94DA3BB19E5F}.Debug|x86.Build.0 = Debug|Any CPU
		{F750D6B9-C218-4EB0-A3EB-94DA3BB19E5F}.Release|Any CPU.ActiveCfg = Release|Any CPU
		{F750D6B9-C218-4EB0-A3EB-94DA3BB19E5F}.Release|Any CPU.Build.0 = Release|Any CPU
		{F750D6B9-C218-4EB0-A3EB-94DA3BB19E5F}.Release|x64.ActiveCfg = Release|Any CPU
		{F750D6B9-C218-4EB0-A3EB-94DA3BB19E5F}.Release|x64.Build.0 = Release|Any CPU
		{F750D6B9-C218-4EB0-A3EB-94DA3BB19E5F}.Release|x86.ActiveCfg = Release|Any CPU
		{F750D6B9-C218-4EB0-A3EB-94DA3BB19E5F}.Release|x86.Build.0 = Release|Any CPU
		{4BB4E6D1-CBEE-4E1F-9C50-AFA17A016DDB}.Debug|Any CPU.ActiveCfg = Debug|Any CPU
		{4BB4E6D1-CBEE-4E1F-9C50-AFA17A016DDB}.Debug|Any CPU.Build.0 = Debug|Any CPU
		{4BB4E6D1-CBEE-4E1F-9C50-AFA17A016DDB}.Debug|x64.ActiveCfg = Debug|Any CPU
		{4BB4E6D1-CBEE-4E1F-9C50-AFA17A016DDB}.Debug|x64.Build.0 = Debug|Any CPU
		{4BB4E6D1-CBEE-4E1F-9C50-AFA17A016DDB}.Debug|x86.ActiveCfg = Debug|Any CPU
		{4BB4E6D1-CBEE-4E1F-9C50-AFA17A016DDB}.Debug|x86.Build.0 = Debug|Any CPU
		{4BB4E6D1-CBEE-4E1F-9C50-AFA17A016DDB}.Release|Any CPU.ActiveCfg = Release|Any CPU
		{4BB4E6D1-CBEE-4E1F-9C50-AFA17A016DDB}.Release|Any CPU.Build.0 = Release|Any CPU
		{4BB4E6D1-CBEE-4E1F-9C50-AFA17A016DDB}.Release|x64.ActiveCfg = Release|Any CPU
		{4BB4E6D1-CBEE-4E1F-9C50-AFA17A016DDB}.Release|x64.Build.0 = Release|Any CPU
		{4BB4E6D1-CBEE-4E1F-9C50-AFA17A016DDB}.Release|x86.ActiveCfg = Release|Any CPU
		{4BB4E6D1-CBEE-4E1F-9C50-AFA17A016DDB}.Release|x86.Build.0 = Release|Any CPU
		{F8E785CD-EBFF-4D1A-BA7D-0965AF6497F8}.Debug|Any CPU.ActiveCfg = Debug|Any CPU
		{F8E785CD-EBFF-4D1A-BA7D-0965AF6497F8}.Debug|Any CPU.Build.0 = Debug|Any CPU
		{F8E785CD-EBFF-4D1A-BA7D-0965AF6497F8}.Debug|x64.ActiveCfg = Debug|Any CPU
		{F8E785CD-EBFF-4D1A-BA7D-0965AF6497F8}.Debug|x64.Build.0 = Debug|Any CPU
		{F8E785CD-EBFF-4D1A-BA7D-0965AF6497F8}.Debug|x86.ActiveCfg = Debug|Any CPU
		{F8E785CD-EBFF-4D1A-BA7D-0965AF6497F8}.Debug|x86.Build.0 = Debug|Any CPU
		{F8E785CD-EBFF-4D1A-BA7D-0965AF6497F8}.Release|Any CPU.ActiveCfg = Release|Any CPU
		{F8E785CD-EBFF-4D1A-BA7D-0965AF6497F8}.Release|Any CPU.Build.0 = Release|Any CPU
		{F8E785CD-EBFF-4D1A-BA7D-0965AF6497F8}.Release|x64.ActiveCfg = Release|Any CPU
		{F8E785CD-EBFF-4D1A-BA7D-0965AF6497F8}.Release|x64.Build.0 = Release|Any CPU
		{F8E785CD-EBFF-4D1A-BA7D-0965AF6497F8}.Release|x86.ActiveCfg = Release|Any CPU
		{F8E785CD-EBFF-4D1A-BA7D-0965AF6497F8}.Release|x86.Build.0 = Release|Any CPU
		{02F1D19A-3666-49B5-AE96-074088B85556}.Debug|Any CPU.ActiveCfg = Debug|Any CPU
		{02F1D19A-3666-49B5-AE96-074088B85556}.Debug|Any CPU.Build.0 = Debug|Any CPU
		{02F1D19A-3666-49B5-AE96-074088B85556}.Debug|x64.ActiveCfg = Debug|Any CPU
		{02F1D19A-3666-49B5-AE96-074088B85556}.Debug|x64.Build.0 = Debug|Any CPU
		{02F1D19A-3666-49B5-AE96-074088B85556}.Debug|x86.ActiveCfg = Debug|Any CPU
		{02F1D19A-3666-49B5-AE96-074088B85556}.Debug|x86.Build.0 = Debug|Any CPU
		{02F1D19A-3666-49B5-AE96-074088B85556}.Release|Any CPU.ActiveCfg = Release|Any CPU
		{02F1D19A-3666-49B5-AE96-074088B85556}.Release|Any CPU.Build.0 = Release|Any CPU
		{02F1D19A-3666-49B5-AE96-074088B85556}.Release|x64.ActiveCfg = Release|Any CPU
		{02F1D19A-3666-49B5-AE96-074088B85556}.Release|x64.Build.0 = Release|Any CPU
		{02F1D19A-3666-49B5-AE96-074088B85556}.Release|x86.ActiveCfg = Release|Any CPU
		{02F1D19A-3666-49B5-AE96-074088B85556}.Release|x86.Build.0 = Release|Any CPU
		{B9AB5F0B-730F-429D-B706-CF41A7F35125}.Debug|Any CPU.ActiveCfg = Debug|Any CPU
		{B9AB5F0B-730F-429D-B706-CF41A7F35125}.Debug|Any CPU.Build.0 = Debug|Any CPU
		{B9AB5F0B-730F-429D-B706-CF41A7F35125}.Debug|x64.ActiveCfg = Debug|Any CPU
		{B9AB5F0B-730F-429D-B706-CF41A7F35125}.Debug|x64.Build.0 = Debug|Any CPU
		{B9AB5F0B-730F-429D-B706-CF41A7F35125}.Debug|x86.ActiveCfg = Debug|Any CPU
		{B9AB5F0B-730F-429D-B706-CF41A7F35125}.Debug|x86.Build.0 = Debug|Any CPU
		{B9AB5F0B-730F-429D-B706-CF41A7F35125}.Release|Any CPU.ActiveCfg = Release|Any CPU
		{B9AB5F0B-730F-429D-B706-CF41A7F35125}.Release|Any CPU.Build.0 = Release|Any CPU
		{B9AB5F0B-730F-429D-B706-CF41A7F35125}.Release|x64.ActiveCfg = Release|Any CPU
		{B9AB5F0B-730F-429D-B706-CF41A7F35125}.Release|x64.Build.0 = Release|Any CPU
		{B9AB5F0B-730F-429D-B706-CF41A7F35125}.Release|x86.ActiveCfg = Release|Any CPU
		{B9AB5F0B-730F-429D-B706-CF41A7F35125}.Release|x86.Build.0 = Release|Any CPU
		{93F0948C-4EC1-4804-B381-14EE05B74CC8}.Debug|Any CPU.ActiveCfg = Debug|Any CPU
		{93F0948C-4EC1-4804-B381-14EE05B74CC8}.Debug|Any CPU.Build.0 = Debug|Any CPU
		{93F0948C-4EC1-4804-B381-14EE05B74CC8}.Debug|x64.ActiveCfg = Debug|Any CPU
		{93F0948C-4EC1-4804-B381-14EE05B74CC8}.Debug|x64.Build.0 = Debug|Any CPU
		{93F0948C-4EC1-4804-B381-14EE05B74CC8}.Debug|x86.ActiveCfg = Debug|Any CPU
		{93F0948C-4EC1-4804-B381-14EE05B74CC8}.Debug|x86.Build.0 = Debug|Any CPU
		{93F0948C-4EC1-4804-B381-14EE05B74CC8}.Release|Any CPU.ActiveCfg = Release|Any CPU
		{93F0948C-4EC1-4804-B381-14EE05B74CC8}.Release|Any CPU.Build.0 = Release|Any CPU
		{93F0948C-4EC1-4804-B381-14EE05B74CC8}.Release|x64.ActiveCfg = Release|Any CPU
		{93F0948C-4EC1-4804-B381-14EE05B74CC8}.Release|x64.Build.0 = Release|Any CPU
		{93F0948C-4EC1-4804-B381-14EE05B74CC8}.Release|x86.ActiveCfg = Release|Any CPU
		{93F0948C-4EC1-4804-B381-14EE05B74CC8}.Release|x86.Build.0 = Release|Any CPU
		{4D9D59CC-1F72-4A4B-981A-445AD1FA3E12}.Debug|Any CPU.ActiveCfg = Debug|Any CPU
		{4D9D59CC-1F72-4A4B-981A-445AD1FA3E12}.Debug|Any CPU.Build.0 = Debug|Any CPU
		{4D9D59CC-1F72-4A4B-981A-445AD1FA3E12}.Debug|x64.ActiveCfg = Debug|Any CPU
		{4D9D59CC-1F72-4A4B-981A-445AD1FA3E12}.Debug|x64.Build.0 = Debug|Any CPU
		{4D9D59CC-1F72-4A4B-981A-445AD1FA3E12}.Debug|x86.ActiveCfg = Debug|Any CPU
		{4D9D59CC-1F72-4A4B-981A-445AD1FA3E12}.Debug|x86.Build.0 = Debug|Any CPU
		{4D9D59CC-1F72-4A4B-981A-445AD1FA3E12}.Release|Any CPU.ActiveCfg = Release|Any CPU
		{4D9D59CC-1F72-4A4B-981A-445AD1FA3E12}.Release|Any CPU.Build.0 = Release|Any CPU
		{4D9D59CC-1F72-4A4B-981A-445AD1FA3E12}.Release|x64.ActiveCfg = Release|Any CPU
		{4D9D59CC-1F72-4A4B-981A-445AD1FA3E12}.Release|x64.Build.0 = Release|Any CPU
		{4D9D59CC-1F72-4A4B-981A-445AD1FA3E12}.Release|x86.ActiveCfg = Release|Any CPU
		{4D9D59CC-1F72-4A4B-981A-445AD1FA3E12}.Release|x86.Build.0 = Release|Any CPU
		{AE546C4B-82FB-4108-9E4F-C32E5FC657DF}.Debug|Any CPU.ActiveCfg = Debug|Any CPU
		{AE546C4B-82FB-4108-9E4F-C32E5FC657DF}.Debug|Any CPU.Build.0 = Debug|Any CPU
		{AE546C4B-82FB-4108-9E4F-C32E5FC657DF}.Debug|x64.ActiveCfg = Debug|Any CPU
		{AE546C4B-82FB-4108-9E4F-C32E5FC657DF}.Debug|x64.Build.0 = Debug|Any CPU
		{AE546C4B-82FB-4108-9E4F-C32E5FC657DF}.Debug|x86.ActiveCfg = Debug|Any CPU
		{AE546C4B-82FB-4108-9E4F-C32E5FC657DF}.Debug|x86.Build.0 = Debug|Any CPU
		{AE546C4B-82FB-4108-9E4F-C32E5FC657DF}.Release|Any CPU.ActiveCfg = Release|Any CPU
		{AE546C4B-82FB-4108-9E4F-C32E5FC657DF}.Release|Any CPU.Build.0 = Release|Any CPU
		{AE546C4B-82FB-4108-9E4F-C32E5FC657DF}.Release|x64.ActiveCfg = Release|Any CPU
		{AE546C4B-82FB-4108-9E4F-C32E5FC657DF}.Release|x64.Build.0 = Release|Any CPU
		{AE546C4B-82FB-4108-9E4F-C32E5FC657DF}.Release|x86.ActiveCfg = Release|Any CPU
		{AE546C4B-82FB-4108-9E4F-C32E5FC657DF}.Release|x86.Build.0 = Release|Any CPU
		{104070A3-74A1-4DCF-94C6-B64F2F6B2FF7}.Debug|Any CPU.ActiveCfg = Debug|Any CPU
		{104070A3-74A1-4DCF-94C6-B64F2F6B2FF7}.Debug|Any CPU.Build.0 = Debug|Any CPU
		{104070A3-74A1-4DCF-94C6-B64F2F6B2FF7}.Debug|x64.ActiveCfg = Debug|Any CPU
		{104070A3-74A1-4DCF-94C6-B64F2F6B2FF7}.Debug|x64.Build.0 = Debug|Any CPU
		{104070A3-74A1-4DCF-94C6-B64F2F6B2FF7}.Debug|x86.ActiveCfg = Debug|Any CPU
		{104070A3-74A1-4DCF-94C6-B64F2F6B2FF7}.Debug|x86.Build.0 = Debug|Any CPU
		{104070A3-74A1-4DCF-94C6-B64F2F6B2FF7}.Release|Any CPU.ActiveCfg = Release|Any CPU
		{104070A3-74A1-4DCF-94C6-B64F2F6B2FF7}.Release|Any CPU.Build.0 = Release|Any CPU
		{104070A3-74A1-4DCF-94C6-B64F2F6B2FF7}.Release|x64.ActiveCfg = Release|Any CPU
		{104070A3-74A1-4DCF-94C6-B64F2F6B2FF7}.Release|x64.Build.0 = Release|Any CPU
		{104070A3-74A1-4DCF-94C6-B64F2F6B2FF7}.Release|x86.ActiveCfg = Release|Any CPU
		{104070A3-74A1-4DCF-94C6-B64F2F6B2FF7}.Release|x86.Build.0 = Release|Any CPU
		{83ADB2E0-B4CB-4002-A28B-2DE52EF6B938}.Debug|Any CPU.ActiveCfg = Debug|Any CPU
		{83ADB2E0-B4CB-4002-A28B-2DE52EF6B938}.Debug|Any CPU.Build.0 = Debug|Any CPU
		{83ADB2E0-B4CB-4002-A28B-2DE52EF6B938}.Debug|x64.ActiveCfg = Debug|Any CPU
		{83ADB2E0-B4CB-4002-A28B-2DE52EF6B938}.Debug|x64.Build.0 = Debug|Any CPU
		{83ADB2E0-B4CB-4002-A28B-2DE52EF6B938}.Debug|x86.ActiveCfg = Debug|Any CPU
		{83ADB2E0-B4CB-4002-A28B-2DE52EF6B938}.Debug|x86.Build.0 = Debug|Any CPU
		{83ADB2E0-B4CB-4002-A28B-2DE52EF6B938}.Release|Any CPU.ActiveCfg = Release|Any CPU
		{83ADB2E0-B4CB-4002-A28B-2DE52EF6B938}.Release|Any CPU.Build.0 = Release|Any CPU
		{83ADB2E0-B4CB-4002-A28B-2DE52EF6B938}.Release|x64.ActiveCfg = Release|Any CPU
		{83ADB2E0-B4CB-4002-A28B-2DE52EF6B938}.Release|x64.Build.0 = Release|Any CPU
		{83ADB2E0-B4CB-4002-A28B-2DE52EF6B938}.Release|x86.ActiveCfg = Release|Any CPU
		{83ADB2E0-B4CB-4002-A28B-2DE52EF6B938}.Release|x86.Build.0 = Release|Any CPU
		{A3B6B842-7412-47DB-8848-D6505C96C781}.Debug|Any CPU.ActiveCfg = Debug|Any CPU
		{A3B6B842-7412-47DB-8848-D6505C96C781}.Debug|Any CPU.Build.0 = Debug|Any CPU
		{A3B6B842-7412-47DB-8848-D6505C96C781}.Debug|x64.ActiveCfg = Debug|Any CPU
		{A3B6B842-7412-47DB-8848-D6505C96C781}.Debug|x64.Build.0 = Debug|Any CPU
		{A3B6B842-7412-47DB-8848-D6505C96C781}.Debug|x86.ActiveCfg = Debug|Any CPU
		{A3B6B842-7412-47DB-8848-D6505C96C781}.Debug|x86.Build.0 = Debug|Any CPU
		{A3B6B842-7412-47DB-8848-D6505C96C781}.Release|Any CPU.ActiveCfg = Release|Any CPU
		{A3B6B842-7412-47DB-8848-D6505C96C781}.Release|Any CPU.Build.0 = Release|Any CPU
		{A3B6B842-7412-47DB-8848-D6505C96C781}.Release|x64.ActiveCfg = Release|Any CPU
		{A3B6B842-7412-47DB-8848-D6505C96C781}.Release|x64.Build.0 = Release|Any CPU
		{A3B6B842-7412-47DB-8848-D6505C96C781}.Release|x86.ActiveCfg = Release|Any CPU
		{A3B6B842-7412-47DB-8848-D6505C96C781}.Release|x86.Build.0 = Release|Any CPU
	EndGlobalSection
	GlobalSection(SolutionProperties) = preSolution
		HideSolutionNode = FALSE
	EndGlobalSection
	GlobalSection(NestedProjects) = preSolution
		{D0931634-A1D9-4826-8B8A-49CA54B2FD02} = {9C65410F-AADE-DAA9-D05C-25C36AB3DE47}
		{01BB7B65-AE34-4D7C-84B7-BAB391DA9391} = {1DD8697F-C9C8-62EA-0DDD-460EC2258BB9}
		{10968F0D-587A-4A92-8D5D-535F4BEB710D} = {3CB527D0-C353-22A2-57F4-DA438EFE62B1}
		{E0CA75E0-8BE0-4E9C-9B85-92B7979E82BC} = {877F656A-7D51-DFEC-861B-D6D3964A0A9A}
		{F750D6B9-C218-4EB0-A3EB-94DA3BB19E5F} = {C00BC19B-2202-4EC0-B6E5-46B1139BC535}
		{4BB4E6D1-CBEE-4E1F-9C50-AFA17A016DDB} = {781B013F-8680-418D-AFD6-1B982319621C}
		{F8E785CD-EBFF-4D1A-BA7D-0965AF6497F8} = {A19B6A07-B0AD-43FE-9C52-79BE27B853AC}
		{02F1D19A-3666-49B5-AE96-074088B85556} = {A71FCEAF-3CAD-4674-A43E-D3B176D2100E}
		{B9AB5F0B-730F-429D-B706-CF41A7F35125} = {8ED09AD7-8BDC-4EED-90DA-D4CCC8D79E98}
		{93F0948C-4EC1-4804-B381-14EE05B74CC8} = {DE5FD886-B44C-4E9B-AD79-A0E7C0F7DBB8}
		{4D9D59CC-1F72-4A4B-981A-445AD1FA3E12} = {F075BEC1-33EA-41B5-B7E8-C780BD37308A}
		{AE546C4B-82FB-4108-9E4F-C32E5FC657DF} = {E8A7C460-29DB-45C4-B5C8-0877B59D7AC3}
		{104070A3-74A1-4DCF-94C6-B64F2F6B2FF7} = {9F476525-A47F-494B-AEDC-AA3F6B689FFB}
		{83ADB2E0-B4CB-4002-A28B-2DE52EF6B938} = {03F9B464-8CD9-4F21-98BF-1ED676D5B189}
		{A3B6B842-7412-47DB-8848-D6505C96C781} = {C7D0B073-F0A8-480C-A582-1C2B714287DE}
	EndGlobalSection
EndGlobal
